
Microsoft Visual Studio Solution File, Format Version 12.00
# Visual Studio Version 16
VisualStudioVersion = 16.0.30517.126
MinimumVisualStudioVersion = 10.0.40219.1
Project("{9A19103F-16F7-4668-BE54-9A1E7A4F7556}") = "ShoppingSpree", "03. Shopping Spree\ShoppingSpree.csproj", "{156CF1AB-4003-4479-B1E2-504C4DFFF442}"
EndProject
Project("{9A19103F-16F7-4668-BE54-9A1E7A4F7556}") = "FootballTeamGenerator", "FootballTeamGenerator\FootballTeamGenerator.csproj", "{D85BCA2D-409D-4C3A-BDEC-C8B112904F77}"
EndProject
Project("{9A19103F-16F7-4668-BE54-9A1E7A4F7556}") = "Box", "Box\Box.csproj", "{120ADA52-DE4D-4EE9-BE94-C8B8F9530D8C}"
EndProject
Project("{FAE04EC0-301F-11D3-BF4B-00C04F79EFBC}") = "PizzaCalories", "PizzaCalories\PizzaCalories.csproj", "{36F9CAEF-952B-44D2-A8A0-E2485DFA9C4A}"
EndProject
Global
	GlobalSection(SolutionConfigurationPlatforms) = preSolution
		Debug|Any CPU = Debug|Any CPU
		Release|Any CPU = Release|Any CPU
	EndGlobalSection
	GlobalSection(ProjectConfigurationPlatforms) = postSolution
		{156CF1AB-4003-4479-B1E2-504C4DFFF442}.Debug|Any CPU.ActiveCfg = Debug|Any CPU
		{156CF1AB-4003-4479-B1E2-504C4DFFF442}.Debug|Any CPU.Build.0 = Debug|Any CPU
		{156CF1AB-4003-4479-B1E2-504C4DFFF442}.Release|Any CPU.ActiveCfg = Release|Any CPU
		{156CF1AB-4003-4479-B1E2-504C4DFFF442}.Release|Any CPU.Build.0 = Release|Any CPU
		{D85BCA2D-409D-4C3A-BDEC-C8B112904F77}.Debug|Any CPU.ActiveCfg = Debug|Any CPU
		{D85BCA2D-409D-4C3A-BDEC-C8B112904F77}.Debug|Any CPU.Build.0 = Debug|Any CPU
		{D85BCA2D-409D-4C3A-BDEC-C8B112904F77}.Release|Any CPU.ActiveCfg = Release|Any CPU
		{D85BCA2D-409D-4C3A-BDEC-C8B112904F77}.Release|Any CPU.Build.0 = Release|Any CPU
		{120ADA52-DE4D-4EE9-BE94-C8B8F9530D8C}.Debug|Any CPU.ActiveCfg = Debug|Any CPU
		{120ADA52-DE4D-4EE9-BE94-C8B8F9530D8C}.Debug|Any CPU.Build.0 = Debug|Any CPU
		{120ADA52-DE4D-4EE9-BE94-C8B8F9530D8C}.Release|Any CPU.ActiveCfg = Release|Any CPU
		{120ADA52-DE4D-4EE9-BE94-C8B8F9530D8C}.Release|Any CPU.Build.0 = Release|Any CPU
		{36F9CAEF-952B-44D2-A8A0-E2485DFA9C4A}.Debug|Any CPU.ActiveCfg = Debug|Any CPU
		{36F9CAEF-952B-44D2-A8A0-E2485DFA9C4A}.Debug|Any CPU.Build.0 = Debug|Any CPU
		{36F9CAEF-952B-44D2-A8A0-E2485DFA9C4A}.Release|Any CPU.ActiveCfg = Release|Any CPU
		{36F9CAEF-952B-44D2-A8A0-E2485DFA9C4A}.Release|Any CPU.Build.0 = Release|Any CPU
	EndGlobalSection
	GlobalSection(SolutionProperties) = preSolution
		HideSolutionNode = FALSE
	EndGlobalSection
	GlobalSection(ExtensibilityGlobals) = postSolution
		SolutionGuid = {7AB4C00C-862C-4A19-8937-553392FAB481}
	EndGlobalSection
EndGlobal
