
Microsoft Visual Studio Solution File, Format Version 12.00
# Visual Studio Version 16
VisualStudioVersion = 16.0.30517.126
MinimumVisualStudioVersion = 10.0.40219.1
Project("{9A19103F-16F7-4668-BE54-9A1E7A4F7556}") = "Farm", "Farm\Farm.csproj", "{2E8A6337-CE45-423E-9AE6-02D0BEAE996B}"
EndProject
Project("{FAE04EC0-301F-11D3-BF4B-00C04F79EFBC}") = "CustomRandomList", "CustomRandomList\CustomRandomList.csproj", "{E2188165-C2CA-4B01-B9DA-0DF7996FE4E9}"
EndProject
Project("{FAE04EC0-301F-11D3-BF4B-00C04F79EFBC}") = "CustomStack", "CustomStack\CustomStack.csproj", "{033D0219-2681-46F6-B718-B1C9A9216BBF}"
EndProject
Global
	GlobalSection(SolutionConfigurationPlatforms) = preSolution
		Debug|Any CPU = Debug|Any CPU
		Release|Any CPU = Release|Any CPU
	EndGlobalSection
	GlobalSection(ProjectConfigurationPlatforms) = postSolution
		{2E8A6337-CE45-423E-9AE6-02D0BEAE996B}.Debug|Any CPU.ActiveCfg = Debug|Any CPU
		{2E8A6337-CE45-423E-9AE6-02D0BEAE996B}.Debug|Any CPU.Build.0 = Debug|Any CPU
		{2E8A6337-CE45-423E-9AE6-02D0BEAE996B}.Release|Any CPU.ActiveCfg = Release|Any CPU
		{2E8A6337-CE45-423E-9AE6-02D0BEAE996B}.Release|Any CPU.Build.0 = Release|Any CPU
		{E2188165-C2CA-4B01-B9DA-0DF7996FE4E9}.Debug|Any CPU.ActiveCfg = Debug|Any CPU
		{E2188165-C2CA-4B01-B9DA-0DF7996FE4E9}.Debug|Any CPU.Build.0 = Debug|Any CPU
		{E2188165-C2CA-4B01-B9DA-0DF7996FE4E9}.Release|Any CPU.ActiveCfg = Release|Any CPU
		{E2188165-C2CA-4B01-B9DA-0DF7996FE4E9}.Release|Any CPU.Build.0 = Release|Any CPU
		{033D0219-2681-46F6-B718-B1C9A9216BBF}.Debug|Any CPU.ActiveCfg = Debug|Any CPU
		{033D0219-2681-46F6-B718-B1C9A9216BBF}.Debug|Any CPU.Build.0 = Debug|Any CPU
		{033D0219-2681-46F6-B718-B1C9A9216BBF}.Release|Any CPU.ActiveCfg = Release|Any CPU
		{033D0219-2681-46F6-B718-B1C9A9216BBF}.Release|Any CPU.Build.0 = Release|Any CPU
	EndGlobalSection
	GlobalSection(SolutionProperties) = preSolution
		HideSolutionNode = FALSE
	EndGlobalSection
	GlobalSection(ExtensibilityGlobals) = postSolution
		SolutionGuid = {B2556D83-3B63-46C6-902F-CA40928AAC4B}
	EndGlobalSection
EndGlobal
